
Microsoft Visual Studio Solution File, Format Version 12.00
# Visual Studio Version 17
VisualStudioVersion = 17.9.34714.143
MinimumVisualStudioVersion = 10.0.40219.1
Project("{FAE04EC0-301F-11D3-BF4B-00C04F79EFBC}") = "Admin", "Admin\Admin.csproj", "{67272E5E-EA3D-4461-9B8C-2FDA948E9B77}"
EndProject
Global
	GlobalSection(SolutionConfigurationPlatforms) = preSolution
		Debug|Any CPU = Debug|Any CPU
		Release|Any CPU = Release|Any CPU
	EndGlobalSection
	GlobalSection(ProjectConfigurationPlatforms) = postSolution
		{67272E5E-EA3D-4461-9B8C-2FDA948E9B77}.Debug|Any CPU.ActiveCfg = Debug|Any CPU
		{67272E5E-EA3D-4461-9B8C-2FDA948E9B77}.Debug|Any CPU.Build.0 = Debug|Any CPU
		{67272E5E-EA3D-4461-9B8C-2FDA948E9B77}.Release|Any CPU.ActiveCfg = Release|Any CPU
		{67272E5E-EA3D-4461-9B8C-2FDA948E9B77}.Release|Any CPU.Build.0 = Release|Any CPU
	EndGlobalSection
	GlobalSection(SolutionProperties) = preSolution
		HideSolutionNode = FALSE
	EndGlobalSection
	GlobalSection(ExtensibilityGlobals) = postSolution
		SolutionGuid = {8485E475-C857-4CA7-8C3B-8FB6F539FE61}
	EndGlobalSection
EndGlobal
